
Microsoft Visual Studio Solution File, Format Version 12.00
# Visual Studio 2015
Project("{FAE04EC0-301F-11D3-BF4B-00C04F79EFBC}") = "Mastering Unity 2D Game Development.CSharp", "Mastering Unity 2D Game Development.CSharp.csproj", "{B53D6985-7D95-5BC7-7862-78313DF0E97A}"
EndProject
Project("{FAE04EC0-301F-11D3-BF4B-00C04F79EFBC}") = "Mastering Unity 2D Game Development.CSharp.Editor", "Mastering Unity 2D Game Development.CSharp.Editor.csproj", "{992F6740-ECAC-4A76-F51A-AFC3638C2622}"
EndProject
Global
	GlobalSection(SolutionConfigurationPlatforms) = preSolution
		Debug|Any CPU = Debug|Any CPU
		Release|Any CPU = Release|Any CPU
	EndGlobalSection
	GlobalSection(ProjectConfigurationPlatforms) = postSolution
		{B53D6985-7D95-5BC7-7862-78313DF0E97A}.Debug|Any CPU.ActiveCfg = Debug|Any CPU
		{B53D6985-7D95-5BC7-7862-78313DF0E97A}.Debug|Any CPU.Build.0 = Debug|Any CPU
		{B53D6985-7D95-5BC7-7862-78313DF0E97A}.Release|Any CPU.ActiveCfg = Release|Any CPU
		{B53D6985-7D95-5BC7-7862-78313DF0E97A}.Release|Any CPU.Build.0 = Release|Any CPU
		{992F6740-ECAC-4A76-F51A-AFC3638C2622}.Debug|Any CPU.ActiveCfg = Debug|Any CPU
		{992F6740-ECAC-4A76-F51A-AFC3638C2622}.Debug|Any CPU.Build.0 = Debug|Any CPU
		{992F6740-ECAC-4A76-F51A-AFC3638C2622}.Release|Any CPU.ActiveCfg = Release|Any CPU
		{992F6740-ECAC-4A76-F51A-AFC3638C2622}.Release|Any CPU.Build.0 = Release|Any CPU
	EndGlobalSection
	GlobalSection(SolutionProperties) = preSolution
		HideSolutionNode = FALSE
	EndGlobalSection
EndGlobal
